
Microsoft Visual Studio Solution File, Format Version 12.00
# Visual Studio Version 17
VisualStudioVersion = 17.7.34031.279
MinimumVisualStudioVersion = 10.0.40219.1
Project("{8BC9CEB8-8B4A-11D0-8D11-00A0C91BC942}") = "HomeWork_5_2", "HomeWork_5_2\HomeWork_5_2.vcxproj", "{CD1F0C77-3B50-4C6C-B0DE-D8220B09B30D}"
EndProject
Global
	GlobalSection(SolutionConfigurationPlatforms) = preSolution
		Debug|x64 = Debug|x64
		Debug|x86 = Debug|x86
		Release|x64 = Release|x64
		Release|x86 = Release|x86
	EndGlobalSection
	GlobalSection(ProjectConfigurationPlatforms) = postSolution
		{CD1F0C77-3B50-4C6C-B0DE-D8220B09B30D}.Debug|x64.ActiveCfg = Debug|x64
		{CD1F0C77-3B50-4C6C-B0DE-D8220B09B30D}.Debug|x64.Build.0 = Debug|x64
		{CD1F0C77-3B50-4C6C-B0DE-D8220B09B30D}.Debug|x86.ActiveCfg = Debug|Win32
		{CD1F0C77-3B50-4C6C-B0DE-D8220B09B30D}.Debug|x86.Build.0 = Debug|Win32
		{CD1F0C77-3B50-4C6C-B0DE-D8220B09B30D}.Release|x64.ActiveCfg = Release|x64
		{CD1F0C77-3B50-4C6C-B0DE-D8220B09B30D}.Release|x64.Build.0 = Release|x64
		{CD1F0C77-3B50-4C6C-B0DE-D8220B09B30D}.Release|x86.ActiveCfg = Release|Win32
		{CD1F0C77-3B50-4C6C-B0DE-D8220B09B30D}.Release|x86.Build.0 = Release|Win32
	EndGlobalSection
	GlobalSection(SolutionProperties) = preSolution
		HideSolutionNode = FALSE
	EndGlobalSection
	GlobalSection(ExtensibilityGlobals) = postSolution
		SolutionGuid = {5DC32145-9A0D-4648-9A95-AA5526137019}
	EndGlobalSection
EndGlobal
